// !$*UTF8*$!
{
	archiveVersion = 1;
	classes = {
	};
	objectVersion = 46;
	objects = {

/* Begin PBXBuildFile section */
		92EFF0FF1A7CC52E006D493B /* main.m in Sources */ = {isa = PBXBuildFile; fileRef = 92EFF0FE1A7CC52E006D493B /* main.m */; };
		92EFF1021A7CC52E006D493B /* AppDelegate.m in Sources */ = {isa = PBXBuildFile; fileRef = 92EFF1011A7CC52E006D493B /* AppDelegate.m */; };
		92EFF1051A7CC52E006D493B /* ViewController.m in Sources */ = {isa = PBXBuildFile; fileRef = 92EFF1041A7CC52E006D493B /* ViewController.m */; };
		92EFF1081A7CC52E006D493B /* Main.storyboard in Resources */ = {isa = PBXBuildFile; fileRef = 92EFF1061A7CC52E006D493B /* Main.storyboard */; };
		92EFF10A1A7CC52E006D493B /* Images.xcassets in Resources */ = {isa = PBXBuildFile; fileRef = 92EFF1091A7CC52E006D493B /* Images.xcassets */; };
		92EFF10D1A7CC52E006D493B /* LaunchScreen.xib in Resources */ = {isa = PBXBuildFile; fileRef = 92EFF10B1A7CC52E006D493B /* LaunchScreen.xib */; };
		92EFF1191A7CC52E006D493B /* BigClockTests.m in Sources */ = {isa = PBXBuildFile; fileRef = 92EFF1181A7CC52E006D493B /* BigClockTests.m */; };
/* End PBXBuildFile section */

/* Begin PBXContainerItemProxy section */
		92EFF1131A7CC52E006D493B /* PBXContainerItemProxy */ = {
			isa = PBXContainerItemProxy;
			containerPortal = 92EFF0F11A7CC52E006D493B /* Project object */;
			proxyType = 1;
			remoteGlobalIDString = 92EFF0F81A7CC52E006D493B;
			remoteInfo = BigClock;
		};
/* End PBXContainerItemProxy section */

/* Begin PBXFileReference section */
		92EFF0F91A7CC52E006D493B /* BigClock.app */ = {isa = PBXFileReference; explicitFileType = wrapper.application; includeInIndex = 0; path = BigClock.app; sourceTree = BUILT_PRODUCTS_DIR; };
		92EFF0FD1A7CC52E006D493B /* Info.plist */ = {isa = PBXFileReference; lastKnownFileType = text.plist.xml; path = Info.plist; sourceTree = "<group>"; };
		92EFF0FE1A7CC52E006D493B /* main.m */ = {isa = PBXFileReference; lastKnownFileType = sourcecode.c.objc; path = main.m; sourceTree = "<group>"; };
		92EFF1001A7CC52E006D493B /* AppDelegate.h */ = {isa = PBXFileReference; lastKnownFileType = sourcecode.c.h; path = AppDelegate.h; sourceTree = "<group>"; };
		92EFF1011A7CC52E006D493B /* AppDelegate.m */ = {isa = PBXFileReference; lastKnownFileType = sourcecode.c.objc; path = AppDelegate.m; sourceTree = "<group>"; };
		92EFF1031A7CC52E006D493B /* ViewController.h */ = {isa = PBXFileReference; lastKnownFileType = sourcecode.c.h; path = ViewController.h; sourceTree = "<group>"; };
		92EFF1041A7CC52E006D493B /* ViewController.m */ = {isa = PBXFileReference; lastKnownFileType = sourcecode.c.objc; path = ViewController.m; sourceTree = "<group>"; };
		92EFF1071A7CC52E006D493B /* Base */ = {isa = PBXFileReference; lastKnownFileType = file.storyboard; name = Base; path = Base.lproj/Main.storyboard; sourceTree = "<group>"; };
		92EFF1091A7CC52E006D493B /* Images.xcassets */ = {isa = PBXFileReference; lastKnownFileType = folder.assetcatalog; path = Images.xcassets; sourceTree = "<group>"; };
		92EFF10C1A7CC52E006D493B /* Base */ = {isa = PBXFileReference; lastKnownFileType = file.xib; name = Base; path = Base.lproj/LaunchScreen.xib; sourceTree = "<group>"; };
		92EFF1121A7CC52E006D493B /* BigClockTests.xctest */ = {isa = PBXFileReference; explicitFileType = wrapper.cfbundle; includeInIndex = 0; path = BigClockTests.xctest; sourceTree = BUILT_PRODUCTS_DIR; };
		92EFF1171A7CC52E006D493B /* Info.plist */ = {isa = PBXFileReference; lastKnownFileType = text.plist.xml; path = Info.plist; sourceTree = "<group>"; };
		92EFF1181A7CC52E006D493B /* BigClockTests.m */ = {isa = PBXFileReference; lastKnownFileType = sourcecode.c.objc; path = BigClockTests.m; sourceTree = "<group>"; };
/* End PBXFileReference section */

/* Begin PBXFrameworksBuildPhase section */
		92EFF0F61A7CC52E006D493B /* Frameworks */ = {
			isa = PBXFrameworksBuildPhase;
			buildActionMask = 2147483647;
			files = (
			);
			runOnlyForDeploymentPostprocessing = 0;
		};
		92EFF10F1A7CC52E006D493B /* Frameworks */ = {
			isa = PBXFrameworksBuildPhase;
			buildActionMask = 2147483647;
			files = (
			);
			runOnlyForDeploymentPostprocessing = 0;
		};
/* End PBXFrameworksBuildPhase section */

/* Begin PBXGroup section */
		92EFF0F01A7CC52D006D493B = {
			isa = PBXGroup;
			children = (
				92EFF0FB1A7CC52E006D493B /* BigClock */,
				92EFF1151A7CC52E006D493B /* BigClockTests */,
				92EFF0FA1A7CC52E006D493B /* Products */,
			);
			sourceTree = "<group>";
		};
		92EFF0FA1A7CC52E006D493B /* Products */ = {
			isa = PBXGroup;
			children = (
				92EFF0F91A7CC52E006D493B /* BigClock.app */,
				92EFF1121A7CC52E006D493B /* BigClockTests.xctest */,
			);
			name = Products;
			sourceTree = "<group>";
		};
		92EFF0FB1A7CC52E006D493B /* BigClock */ = {
			isa = PBXGroup;
			children = (
				92EFF1001A7CC52E006D493B /* AppDelegate.h */,
				92EFF1011A7CC52E006D493B /* AppDelegate.m */,
				92EFF1031A7CC52E006D493B /* ViewController.h */,
				92EFF1041A7CC52E006D493B /* ViewController.m */,
				92EFF1061A7CC52E006D493B /* Main.storyboard */,
				92EFF1091A7CC52E006D493B /* Images.xcassets */,
				92EFF10B1A7CC52E006D493B /* LaunchScreen.xib */,
				92EFF0FC1A7CC52E006D493B /* Supporting Files */,
			);
			path = BigClock;
			sourceTree = "<group>";
		};
		92EFF0FC1A7CC52E006D493B /* Supporting Files */ = {
			isa = PBXGroup;
			children = (
				92EFF0FD1A7CC52E006D493B /* Info.plist */,
				92EFF0FE1A7CC52E006D493B /* main.m */,
			);
			name = "Supporting Files";
			sourceTree = "<group>";
		};
		92EFF1151A7CC52E006D493B /* BigClockTests */ = {
			isa = PBXGroup;
			children = (
				92EFF1181A7CC52E006D493B /* BigClockTests.m */,
				92EFF1161A7CC52E006D493B /* Supporting Files */,
			);
			path = BigClockTests;
			sourceTree = "<group>";
		};
		92EFF1161A7CC52E006D493B /* Supporting Files */ = {
			isa = PBXGroup;
			children = (
				92EFF1171A7CC52E006D493B /* Info.plist */,
			);
			name = "Supporting Files";
			sourceTree = "<group>";
		};
/* End PBXGroup section */

/* Begin PBXNativeTarget section */
		92EFF0F81A7CC52E006D493B /* BigClock */ = {
			isa = PBXNativeTarget;
			buildConfigurationList = 92EFF11C1A7CC52E006D493B /* Build configuration list for PBXNativeTarget "BigClock" */;
			buildPhases = (
				92EFF0F51A7CC52E006D493B /* Sources */,
				92EFF0F61A7CC52E006D493B /* Frameworks */,
				92EFF0F71A7CC52E006D493B /* Resources */,
			);
			buildRules = (
			);
			dependencies = (
			);
			name = BigClock;
			productName = BigClock;
			productReference = 92EFF0F91A7CC52E006D493B /* BigClock.app */;
			productType = "com.apple.product-type.application";
		};
		92EFF1111A7CC52E006D493B /* BigClockTests */ = {
			isa = PBXNativeTarget;
			buildConfigurationList = 92EFF11F1A7CC52E006D493B /* Build configuration list for PBXNativeTarget "BigClockTests" */;
			buildPhases = (
				92EFF10E1A7CC52E006D493B /* Sources */,
				92EFF10F1A7CC52E006D493B /* Frameworks */,
				92EFF1101A7CC52E006D493B /* Resources */,
			);
			buildRules = (
			);
			dependencies = (
				92EFF1141A7CC52E006D493B /* PBXTargetDependency */,
			);
			name = BigClockTests;
			productName = BigClockTests;
			productReference = 92EFF1121A7CC52E006D493B /* BigClockTests.xctest */;
			productType = "com.apple.product-type.bundle.unit-test";
		};
/* End PBXNativeTarget section */

/* Begin PBXProject section */
		92EFF0F11A7CC52E006D493B /* Project object */ = {
			isa = PBXProject;
			attributes = {
				LastUpgradeCheck = 0610;
				ORGANIZATIONNAME = "森川 かおり";
				TargetAttributes = {
					92EFF0F81A7CC52E006D493B = {
						CreatedOnToolsVersion = 6.1.1;
					};
					92EFF1111A7CC52E006D493B = {
						CreatedOnToolsVersion = 6.1.1;
						TestTargetID = 92EFF0F81A7CC52E006D493B;
					};
				};
			};
			buildConfigurationList = 92EFF0F41A7CC52E006D493B /* Build configuration list for PBXProject "BigClock" */;
			compatibilityVersion = "Xcode 3.2";
			developmentRegion = English;
			hasScannedForEncodings = 0;
			knownRegions = (
				en,
				Base,
			);
			mainGroup = 92EFF0F01A7CC52D006D493B;
			productRefGroup = 92EFF0FA1A7CC52E006D493B /* Products */;
			projectDirPath = "";
			projectRoot = "";
			targets = (
				92EFF0F81A7CC52E006D493B /* BigClock */,
				92EFF1111A7CC52E006D493B /* BigClockTests */,
			);
		};
/* End PBXProject section */

/* Begin PBXResourcesBuildPhase section */
		92EFF0F71A7CC52E006D493B /* Resources */ = {
			isa = PBXResourcesBuildPhase;
			buildActionMask = 2147483647;
			files = (
				92EFF1081A7CC52E006D493B /* Main.storyboard in Resources */,
				92EFF10D1A7CC52E006D493B /* LaunchScreen.xib in Resources */,
				92EFF10A1A7CC52E006D493B /* Images.xcassets in Resources */,
			);
			runOnlyForDeploymentPostprocessing = 0;
		};
		92EFF1101A7CC52E006D493B /* Resources */ = {
			isa = PBXResourcesBuildPhase;
			buildActionMask = 2147483647;
			files = (
			);
			runOnlyForDeploymentPostprocessing = 0;
		};
/* End PBXResourcesBuildPhase section */

/* Begin PBXSourcesBuildPhase section */
		92EFF0F51A7CC52E006D493B /* Sources */ = {
			isa = PBXSourcesBuildPhase;
			buildActionMask = 2147483647;
			files = (
				92EFF1051A7CC52E006D493B /* ViewController.m in Sources */,
				92EFF1021A7CC52E006D493B /* AppDelegate.m in Sources */,
				92EFF0FF1A7CC52E006D493B /* main.m in Sources */,
			);
			runOnlyForDeploymentPostprocessing = 0;
		};
		92EFF10E1A7CC52E006D493B /* Sources */ = {
			isa = PBXSourcesBuildPhase;
			buildActionMask = 2147483647;
			files = (
				92EFF1191A7CC52E006D493B /* BigClockTests.m in Sources */,
			);
			runOnlyForDeploymentPostprocessing = 0;
		};
/* End PBXSourcesBuildPhase section */

/* Begin PBXTargetDependency section */
		92EFF1141A7CC52E006D493B /* PBXTargetDependency */ = {
			isa = PBXTargetDependency;
			target = 92EFF0F81A7CC52E006D493B /* BigClock */;
			targetProxy = 92EFF1131A7CC52E006D493B /* PBXContainerItemProxy */;
		};
/* End PBXTargetDependency section */

/* Begin PBXVariantGroup section */
		92EFF1061A7CC52E006D493B /* Main.storyboard */ = {
			isa = PBXVariantGroup;
			children = (
				92EFF1071A7CC52E006D493B /* Base */,
			);
			name = Main.storyboard;
			sourceTree = "<group>";
		};
		92EFF10B1A7CC52E006D493B /* LaunchScreen.xib */ = {
			isa = PBXVariantGroup;
			children = (
				92EFF10C1A7CC52E006D493B /* Base */,
			);
			name = LaunchScreen.xib;
			sourceTree = "<group>";
		};
/* End PBXVariantGroup section */

/* Begin XCBuildConfiguration section */
		92EFF11A1A7CC52E006D493B /* Debug */ = {
			isa = XCBuildConfiguration;
			buildSettings = {
				ALWAYS_SEARCH_USER_PATHS = NO;
				CLANG_CXX_LANGUAGE_STANDARD = "gnu++0x";
				CLANG_CXX_LIBRARY = "libc++";
				CLANG_ENABLE_MODULES = YES;
				CLANG_ENABLE_OBJC_ARC = YES;
				CLANG_WARN_BOOL_CONVERSION = YES;
				CLANG_WARN_CONSTANT_CONVERSION = YES;
				CLANG_WARN_DIRECT_OBJC_ISA_USAGE = YES_ERROR;
				CLANG_WARN_EMPTY_BODY = YES;
				CLANG_WARN_ENUM_CONVERSION = YES;
				CLANG_WARN_INT_CONVERSION = YES;
				CLANG_WARN_OBJC_ROOT_CLASS = YES_ERROR;
				CLANG_WARN_UNREACHABLE_CODE = YES;
				CLANG_WARN__DUPLICATE_METHOD_MATCH = YES;
				"CODE_SIGN_IDENTITY[sdk=iphoneos*]" = "iPhone Developer";
				COPY_PHASE_STRIP = NO;
				ENABLE_STRICT_OBJC_MSGSEND = YES;
				GCC_C_LANGUAGE_STANDARD = gnu99;
				GCC_DYNAMIC_NO_PIC = NO;
				GCC_OPTIMIZATION_LEVEL = 0;
				GCC_PREPROCESSOR_DEFINITIONS = (
					"DEBUG=1",
					"$(inherited)",
				);
				GCC_SYMBOLS_PRIVATE_EXTERN = NO;
				GCC_WARN_64_TO_32_BIT_CONVERSION = YES;
				GCC_WARN_ABOUT_RETURN_TYPE = YES_ERROR;
				GCC_WARN_UNDECLARED_SELECTOR = YES;
				GCC_WARN_UNINITIALIZED_AUTOS = YES_AGGRESSIVE;
				GCC_WARN_UNUSED_FUNCTION = YES;
				GCC_WARN_UNUSED_VARIABLE = YES;
				IPHONEOS_DEPLOYMENT_TARGET = 8.1;
				MTL_ENABLE_DEBUG_INFO = YES;
				ONLY_ACTIVE_ARCH = YES;
				SDKROOT = iphoneos;
			};
			name = Debug;
		};
		92EFF11B1A7CC52E006D493B /* Release */ = {
			isa = XCBuildConfiguration;
			buildSettings = {
				ALWAYS_SEARCH_USER_PATHS = NO;
				CLANG_CXX_LANGUAGE_STANDARD = "gnu++0x";
				CLANG_CXX_LIBRARY = "libc++";
				CLANG_ENABLE_MODULES = YES;
				CLANG_ENABLE_OBJC_ARC = YES;
				CLANG_WARN_BOOL_CONVERSION = YES;
				CLANG_WARN_CONSTANT_CONVERSION = YES;
				CLANG_WARN_DIRECT_OBJC_ISA_USAGE = YES_ERROR;
				CLANG_WARN_EMPTY_BODY = YES;
				CLANG_WARN_ENUM_CONVERSION = YES;
				CLANG_WARN_INT_CONVERSION = YES;
				CLANG_WARN_OBJC_ROOT_CLASS = YES_ERROR;
				CLANG_WARN_UNREACHABLE_CODE = YES;
				CLANG_WARN__DUPLICATE_METHOD_MATCH = YES;
				"CODE_SIGN_IDENTITY[sdk=iphoneos*]" = "iPhone Developer";
				COPY_PHASE_STRIP = YES;
				ENABLE_NS_ASSERTIONS = NO;
				ENABLE_STRICT_OBJC_MSGSEND = YES;
				GCC_C_LANGUAGE_STANDARD = gnu99;
				GCC_WARN_64_TO_32_BIT_CONVERSION = YES;
				GCC_WARN_ABOUT_RETURN_TYPE = YES_ERROR;
				GCC_WARN_UNDECLARED_SELECTOR = YES;
				GCC_WARN_UNINITIALIZED_AUTOS = YES_AGGRESSIVE;
				GCC_WARN_UNUSED_FUNCTION = YES;
				GCC_WARN_UNUSED_VARIABLE = YES;
				IPHONEOS_DEPLOYMENT_TARGET = 8.1;
				MTL_ENABLE_DEBUG_INFO = NO;
				SDKROOT = iphoneos;
				VALIDATE_PRODUCT = YES;
			};
			name = Release;
		};
		92EFF11D1A7CC52E006D493B /* Debug */ = {
			isa = XCBuildConfiguration;
			buildSettings = {
				ASSETCATALOG_COMPILER_APPICON_NAME = AppIcon;
				CODE_SIGN_IDENTITY = "iPhone Developer";
				INFOPLIST_FILE = BigClock/Info.plist;
				IPHONEOS_DEPLOYMENT_TARGET = 7.0;
				LD_RUNPATH_SEARCH_PATHS = "$(inherited) @executable_path/Frameworks";
				PRODUCT_NAME = "$(TARGET_NAME)";
				TARGETED_DEVICE_FAMILY = 1;
			};
			name = Debug;
		};
		92EFF11E1A7CC52E006D493B /* Release */ = {
			isa = XCBuildConfiguration;
			buildSettings = {
				ASSETCATALOG_COMPILER_APPICON_NAME = AppIcon;
				CODE_SIGN_IDENTITY = "iPhone Developer";
				INFOPLIST_FILE = BigClock/Info.plist;
				IPHONEOS_DEPLOYMENT_TARGET = 7.0;
				LD_RUNPATH_SEARCH_PATHS = "$(inherited) @executable_path/Frameworks";
				PRODUCT_NAME = "$(TARGET_NAME)";
				TARGETED_DEVICE_FAMILY = 1;
			};
			name = Release;
		};
		92EFF1201A7CC52E006D493B /* Debug */ = {
			isa = XCBuildConfiguration;
			buildSettings = {
				BUNDLE_LOADER = "$(TEST_HOST)";
				FRAMEWORK_SEARCH_PATHS = (
					"$(SDKROOT)/Developer/Library/Frameworks",
					"$(inherited)",
				);
				GCC_PREPROCESSOR_DEFINITIONS = (
					"DEBUG=1",
					"$(inherited)",
				);
				INFOPLIST_FILE = BigClockTests/Info.plist;
				LD_RUNPATH_SEARCH_PATHS = "$(inherited) @executable_path/Frameworks @loader_path/Frameworks";
				PRODUCT_NAME = "$(TARGET_NAME)";
				TEST_HOST = "$(BUILT_PRODUCTS_DIR)/BigClock.app/BigClock";
			};
			name = Debug;
		};
		92EFF1211A7CC52E006D493B /* Release */ = {
			isa = XCBuildConfiguration;
			buildSettings = {
				BUNDLE_LOADER = "$(TEST_HOST)";
				FRAMEWORK_SEARCH_PATHS = (
					"$(SDKROOT)/Developer/Library/Frameworks",
					"$(inherited)",
				);
				INFOPLIST_FILE = BigClockTests/Info.plist;
				LD_RUNPATH_SEARCH_PATHS = "$(inherited) @executable_path/Frameworks @loader_path/Frameworks";
				PRODUCT_NAME = "$(TARGET_NAME)";
				TEST_HOST = "$(BUILT_PRODUCTS_DIR)/BigClock.app/BigClock";
			};
			name = Release;
		};
/* End XCBuildConfiguration section */

/* Begin XCConfigurationList section */
		92EFF0F41A7CC52E006D493B /* Build configuration list for PBXProject "BigClock" */ = {
			isa = XCConfigurationList;
			buildConfigurations = (
				92EFF11A1A7CC52E006D493B /* Debug */,
				92EFF11B1A7CC52E006D493B /* Release */,
			);
			defaultConfigurationIsVisible = 0;
			defaultConfigurationName = Release;
		};
		92EFF11C1A7CC52E006D493B /* Build configuration list for PBXNativeTarget "BigClock" */ = {
			isa = XCConfigurationList;
			buildConfigurations = (
				92EFF11D1A7CC52E006D493B /* Debug */,
				92EFF11E1A7CC52E006D493B /* Release */,
			);
			defaultConfigurationIsVisible = 0;
			defaultConfigurationName = Release;
		};
		92EFF11F1A7CC52E006D493B /* Build configuration list for PBXNativeTarget "BigClockTests" */ = {
			isa = XCConfigurationList;
			buildConfigurations = (
				92EFF1201A7CC52E006D493B /* Debug */,
				92EFF1211A7CC52E006D493B /* Release */,
			);
			defaultConfigurationIsVisible = 0;
			defaultConfigurationName = Release;
		};
/* End XCConfigurationList section */
	};
	rootObject = 92EFF0F11A7CC52E006D493B /* Project object */;
}
